
Microsoft Visual Studio Solution File, Format Version 12.00
# Visual Studio Version 16
VisualStudioVersion = 16.0.30907.101
MinimumVisualStudioVersion = 10.0.40219.1
Project("{FAE04EC0-301F-11D3-BF4B-00C04F79EFBC}") = "COMP1003-MastermindGame-CW", "COMP1003-MastermindGame-CW\COMP1003-MastermindGame-CW.csproj", "{5BC76E14-1B5B-46AE-9AEA-C905442E7EDD}"
EndProject
Global
	GlobalSection(SolutionConfigurationPlatforms) = preSolution
		Debug|Any CPU = Debug|Any CPU
		Release|Any CPU = Release|Any CPU
	EndGlobalSection
	GlobalSection(ProjectConfigurationPlatforms) = postSolution
		{5BC76E14-1B5B-46AE-9AEA-C905442E7EDD}.Debug|Any CPU.ActiveCfg = Debug|Any CPU
		{5BC76E14-1B5B-46AE-9AEA-C905442E7EDD}.Debug|Any CPU.Build.0 = Debug|Any CPU
		{5BC76E14-1B5B-46AE-9AEA-C905442E7EDD}.Release|Any CPU.ActiveCfg = Release|Any CPU
		{5BC76E14-1B5B-46AE-9AEA-C905442E7EDD}.Release|Any CPU.Build.0 = Release|Any CPU
	EndGlobalSection
	GlobalSection(SolutionProperties) = preSolution
		HideSolutionNode = FALSE
	EndGlobalSection
	GlobalSection(ExtensibilityGlobals) = postSolution
		SolutionGuid = {A924522B-2044-4C42-9089-174D51F56562}
	EndGlobalSection
EndGlobal
